# This file was autogenerated by Stack.
# You should not edit this file by hand.
# For more information, please see the documentation at:
#   https://docs.haskellstack.org/en/stable/lock_files

packages:
- completed:
    hackage: random-strings-0.1.1.0@sha256:935a7a23dab45411960df77636a29b44ce42b89eeb15f2b1e809d771491fa677,2517
    pantry-tree:
      size: 663
      sha256: 5a382966fdd8d5220b5791f3bff6db00d2ea29235e2716dadd52461b8a8beb97
  original:
    hackage: random-strings-0.1.1.0
- completed:
    hackage: torrent-10000.1.1@sha256:b6cd49d4cc3759c110f835f9b852309d9312d865aca5fd2d3113651fc7435790,627
    pantry-tree:
      size: 326
      sha256: 22e4cfa3cc9922668873ce1ebca1d9bcacaa708f7f53118bd2013e65dca99da5
  original:
    hackage: torrent-10000.1.1
snapshots:
- completed:
    size: 545658
    url: https://raw.githubusercontent.com/commercialhaskell/stackage-snapshots/master/lts/14/12.yaml
    sha256: 26b807457213126d26b595439d705dc824dbb7618b0de6b900adc2bf6a059406
  original: lts-14.12
